
Microsoft Visual Studio Solution File, Format Version 12.00
# Visual Studio 15
VisualStudioVersion = 15.0.27130.2036
MinimumVisualStudioVersion = 10.0.40219.1
Project("{8BC9CEB8-8B4A-11D0-8D11-00A0C91BC942}") = "INGSW", "INGSW\INGSW.vcxproj", "{2C70F6E0-7A7B-41CE-95FA-9EC541FFAE2D}"
EndProject
Project("{8BC9CEB8-8B4A-11D0-8D11-00A0C91BC942}") = "Graphs", "Graphs\Graphs.vcxproj", "{BF6D8BF1-DF55-4275-8830-0130943AD00D}"
EndProject
Project("{8BC9CEB8-8B4A-11D0-8D11-00A0C91BC942}") = "Prototype", "Prototype\Prototype.vcxproj", "{406E9FF6-D1C9-4016-8352-D7E920AE1D3B}"
EndProject
Project("{8BC9CEB8-8B4A-11D0-8D11-00A0C91BC942}") = "Builder", "Builder\Builder.vcxproj", "{5C1F2B9D-D477-4CCA-9650-F29FCA071ECC}"
EndProject
Project("{8BC9CEB8-8B4A-11D0-8D11-00A0C91BC942}") = "Singleton", "Singleton\Singleton.vcxproj", "{C9FE60F3-0EB6-4E1B-92F4-B320EA0CEBE5}"
EndProject
Project("{8BC9CEB8-8B4A-11D0-8D11-00A0C91BC942}") = "Factory", "Factory\Factory.vcxproj", "{62868254-B9EE-4606-BF53-801DF5D90CED}"
EndProject
Global
	GlobalSection(SolutionConfigurationPlatforms) = preSolution
		Debug|x64 = Debug|x64
		Debug|x86 = Debug|x86
		Release|x64 = Release|x64
		Release|x86 = Release|x86
	EndGlobalSection
	GlobalSection(ProjectConfigurationPlatforms) = postSolution
		{2C70F6E0-7A7B-41CE-95FA-9EC541FFAE2D}.Debug|x64.ActiveCfg = Debug|x64
		{2C70F6E0-7A7B-41CE-95FA-9EC541FFAE2D}.Debug|x64.Build.0 = Debug|x64
		{2C70F6E0-7A7B-41CE-95FA-9EC541FFAE2D}.Debug|x86.ActiveCfg = Debug|Win32
		{2C70F6E0-7A7B-41CE-95FA-9EC541FFAE2D}.Debug|x86.Build.0 = Debug|Win32
		{2C70F6E0-7A7B-41CE-95FA-9EC541FFAE2D}.Release|x64.ActiveCfg = Release|x64
		{2C70F6E0-7A7B-41CE-95FA-9EC541FFAE2D}.Release|x64.Build.0 = Release|x64
		{2C70F6E0-7A7B-41CE-95FA-9EC541FFAE2D}.Release|x86.ActiveCfg = Release|Win32
		{2C70F6E0-7A7B-41CE-95FA-9EC541FFAE2D}.Release|x86.Build.0 = Release|Win32
		{BF6D8BF1-DF55-4275-8830-0130943AD00D}.Debug|x64.ActiveCfg = Debug|x64
		{BF6D8BF1-DF55-4275-8830-0130943AD00D}.Debug|x64.Build.0 = Debug|x64
		{BF6D8BF1-DF55-4275-8830-0130943AD00D}.Debug|x86.ActiveCfg = Debug|Win32
		{BF6D8BF1-DF55-4275-8830-0130943AD00D}.Debug|x86.Build.0 = Debug|Win32
		{BF6D8BF1-DF55-4275-8830-0130943AD00D}.Release|x64.ActiveCfg = Release|x64
		{BF6D8BF1-DF55-4275-8830-0130943AD00D}.Release|x64.Build.0 = Release|x64
		{BF6D8BF1-DF55-4275-8830-0130943AD00D}.Release|x86.ActiveCfg = Release|Win32
		{BF6D8BF1-DF55-4275-8830-0130943AD00D}.Release|x86.Build.0 = Release|Win32
		{406E9FF6-D1C9-4016-8352-D7E920AE1D3B}.Debug|x64.ActiveCfg = Debug|x64
		{406E9FF6-D1C9-4016-8352-D7E920AE1D3B}.Debug|x64.Build.0 = Debug|x64
		{406E9FF6-D1C9-4016-8352-D7E920AE1D3B}.Debug|x86.ActiveCfg = Debug|Win32
		{406E9FF6-D1C9-4016-8352-D7E920AE1D3B}.Debug|x86.Build.0 = Debug|Win32
		{406E9FF6-D1C9-4016-8352-D7E920AE1D3B}.Release|x64.ActiveCfg = Release|x64
		{406E9FF6-D1C9-4016-8352-D7E920AE1D3B}.Release|x64.Build.0 = Release|x64
		{406E9FF6-D1C9-4016-8352-D7E920AE1D3B}.Release|x86.ActiveCfg = Release|Win32
		{406E9FF6-D1C9-4016-8352-D7E920AE1D3B}.Release|x86.Build.0 = Release|Win32
		{5C1F2B9D-D477-4CCA-9650-F29FCA071ECC}.Debug|x64.ActiveCfg = Debug|x64
		{5C1F2B9D-D477-4CCA-9650-F29FCA071ECC}.Debug|x64.Build.0 = Debug|x64
		{5C1F2B9D-D477-4CCA-9650-F29FCA071ECC}.Debug|x86.ActiveCfg = Debug|Win32
		{5C1F2B9D-D477-4CCA-9650-F29FCA071ECC}.Debug|x86.Build.0 = Debug|Win32
		{5C1F2B9D-D477-4CCA-9650-F29FCA071ECC}.Release|x64.ActiveCfg = Release|x64
		{5C1F2B9D-D477-4CCA-9650-F29FCA071ECC}.Release|x64.Build.0 = Release|x64
		{5C1F2B9D-D477-4CCA-9650-F29FCA071ECC}.Release|x86.ActiveCfg = Release|Win32
		{5C1F2B9D-D477-4CCA-9650-F29FCA071ECC}.Release|x86.Build.0 = Release|Win32
		{C9FE60F3-0EB6-4E1B-92F4-B320EA0CEBE5}.Debug|x64.ActiveCfg = Debug|x64
		{C9FE60F3-0EB6-4E1B-92F4-B320EA0CEBE5}.Debug|x64.Build.0 = Debug|x64
		{C9FE60F3-0EB6-4E1B-92F4-B320EA0CEBE5}.Debug|x86.ActiveCfg = Debug|Win32
		{C9FE60F3-0EB6-4E1B-92F4-B320EA0CEBE5}.Debug|x86.Build.0 = Debug|Win32
		{C9FE60F3-0EB6-4E1B-92F4-B320EA0CEBE5}.Release|x64.ActiveCfg = Release|x64
		{C9FE60F3-0EB6-4E1B-92F4-B320EA0CEBE5}.Release|x64.Build.0 = Release|x64
		{C9FE60F3-0EB6-4E1B-92F4-B320EA0CEBE5}.Release|x86.ActiveCfg = Release|Win32
		{C9FE60F3-0EB6-4E1B-92F4-B320EA0CEBE5}.Release|x86.Build.0 = Release|Win32
		{62868254-B9EE-4606-BF53-801DF5D90CED}.Debug|x64.ActiveCfg = Debug|x64
		{62868254-B9EE-4606-BF53-801DF5D90CED}.Debug|x64.Build.0 = Debug|x64
		{62868254-B9EE-4606-BF53-801DF5D90CED}.Debug|x86.ActiveCfg = Debug|Win32
		{62868254-B9EE-4606-BF53-801DF5D90CED}.Debug|x86.Build.0 = Debug|Win32
		{62868254-B9EE-4606-BF53-801DF5D90CED}.Release|x64.ActiveCfg = Release|x64
		{62868254-B9EE-4606-BF53-801DF5D90CED}.Release|x64.Build.0 = Release|x64
		{62868254-B9EE-4606-BF53-801DF5D90CED}.Release|x86.ActiveCfg = Release|Win32
		{62868254-B9EE-4606-BF53-801DF5D90CED}.Release|x86.Build.0 = Release|Win32
	EndGlobalSection
	GlobalSection(SolutionProperties) = preSolution
		HideSolutionNode = FALSE
	EndGlobalSection
	GlobalSection(ExtensibilityGlobals) = postSolution
		SolutionGuid = {F795FC3A-4A59-44E7-B3E5-B390BD47BD2E}
	EndGlobalSection
EndGlobal
